
Microsoft Visual Studio Solution File, Format Version 12.00
# Visual Studio Version 17
VisualStudioVersion = 17.0.31903.59
MinimumVisualStudioVersion = 10.0.40219.1
Project("{2150E333-8FDC-42A3-9474-1A3956D46DE8}") = "BanqueProjet", "BanqueProjet", "{F1766441-C4CC-4920-89B1-CA019C097EEA}"
EndProject
Project("{9A19103F-16F7-4668-BE54-9A1E7A4F7556}") = "BanqueProjet.API", "BanqueProjet\BanqueProjet.API\BanqueProjet.API.csproj", "{6E79FDDE-FD68-4F22-8ED3-E665640B3B7B}"
EndProject
Project("{9A19103F-16F7-4668-BE54-9A1E7A4F7556}") = "BanqueProjet.Application", "BanqueProjet\BanqueProjet.Application\BanqueProjet.Application.csproj", "{F9C70DF2-D8AA-4934-B0E2-09746691B56E}"
EndProject
Project("{9A19103F-16F7-4668-BE54-9A1E7A4F7556}") = "BanqueProjet.Infrastructure", "BanqueProjet\BanqueProjet.Infrastructure\BanqueProjet.Infrastructure.csproj", "{6455F45E-DBA2-4332-92AD-9558AEC387B3}"
EndProject
Project("{9A19103F-16F7-4668-BE54-9A1E7A4F7556}") = "BanqueProjet.Web", "BanqueProjet\BanqueProjet.Web\BanqueProjet.Web.csproj", "{BCD753A8-3AF5-4F19-A827-D14A862F4999}"
EndProject
Project("{2150E333-8FDC-42A3-9474-1A3956D46DE8}") = "Programmation", "Programmation", "{E3F3164F-2B12-4220-9CFE-0453DD58C742}"
EndProject
Project("{9A19103F-16F7-4668-BE54-9A1E7A4F7556}") = "Programmation.API", "Programmation\Programmation.API\Programmation.API.csproj", "{2DBA0F62-228D-4D74-859F-5A7039DEBB5B}"
EndProject
Project("{9A19103F-16F7-4668-BE54-9A1E7A4F7556}") = "Programmation.Application", "Programmation\Programmation.Application\Programmation.Application.csproj", "{7C6E47F5-477D-4664-BE1F-BC85382D7FD2}"
EndProject
Project("{9A19103F-16F7-4668-BE54-9A1E7A4F7556}") = "Programmation.Infrastructure", "Programmation\Programmation.Infrastructure\Programmation.Infrastructure.csproj", "{ADDCFBCA-B5C8-49F7-94E9-4CF8D2C61676}"
EndProject
Project("{9A19103F-16F7-4668-BE54-9A1E7A4F7556}") = "Programmation.Web", "Programmation\Programmation.Web\Programmation.Web.csproj", "{36335510-E8F8-4299-A91B-327687DB3056}"
EndProject
Project("{2150E333-8FDC-42A3-9474-1A3956D46DE8}") = "Shared", "Shared", "{C92D52F3-F48E-4481-9BB8-4D0734E671AF}"
EndProject
Project("{9A19103F-16F7-4668-BE54-9A1E7A4F7556}") = "Shared.Domain", "Shared\Shared.Domain\Shared.Domain.csproj", "{B1885073-5D61-4B04-B4A5-EE8809E4B860}"
EndProject
Project("{2150E333-8FDC-42A3-9474-1A3956D46DE8}") = "Starter", "Starter", "{0D49B3F1-8266-41B0-A2AA-C592E8D4D9E9}"
EndProject
Project("{2150E333-8FDC-42A3-9474-1A3956D46DE8}") = "InvestissementsPublics.Starter", "InvestissementsPublics.Starter", "{25CB6DB7-70EF-41F3-99C0-C135FA643F83}"
EndProject
Project("{9A19103F-16F7-4668-BE54-9A1E7A4F7556}") = "InvestissementsPublics.Starter", "Starter\InvestissementsPublics.Starter\InvestissementsPublics.Starter\InvestissementsPublics.Starter.csproj", "{F44B670E-9F40-4411-8899-65CDF1171D09}"
EndProject
Project("{2150E333-8FDC-42A3-9474-1A3956D46DE8}") = "SuiviEvaluation", "SuiviEvaluation", "{B96C1C7A-1A87-4BF8-9D57-99DDB15DEE6F}"
EndProject
Project("{9A19103F-16F7-4668-BE54-9A1E7A4F7556}") = "SuiviEvaluation.API", "SuiviEvaluation\SuiviEvaluation.API\SuiviEvaluation.API.csproj", "{180D146B-7E33-4662-89EE-76B3532D4567}"
EndProject
Project("{9A19103F-16F7-4668-BE54-9A1E7A4F7556}") = "SuiviEvaluation.Application", "SuiviEvaluation\SuiviEvaluation.Application\SuiviEvaluation.Application.csproj", "{38DAE4AF-6A27-45D9-8359-D8932FB60C79}"
EndProject
Project("{9A19103F-16F7-4668-BE54-9A1E7A4F7556}") = "SuiviEvaluation.Infrastructure", "SuiviEvaluation\SuiviEvaluation.Infrastructure\SuiviEvaluation.Infrastructure.csproj", "{8AF443C0-F617-4A20-8563-E34FA7AD72CC}"
EndProject
Project("{9A19103F-16F7-4668-BE54-9A1E7A4F7556}") = "SuiviEvaluation.Web", "SuiviEvaluation\SuiviEvaluation.Web\SuiviEvaluation.Web.csproj", "{BB0A67A2-7275-40C3-A510-23929ED812B2}"
EndProject
Project("{2150E333-8FDC-42A3-9474-1A3956D46DE8}") = "TableauxDeBord", "TableauxDeBord", "{1465C571-3EE2-4E7F-AD7C-41417CB25B12}"
EndProject
Project("{9A19103F-16F7-4668-BE54-9A1E7A4F7556}") = "TableauxDeBord.API", "TableauxDeBord\TableauxDeBord.API\TableauxDeBord.API.csproj", "{0F65A30C-9C81-4239-9799-A2B690189346}"
EndProject
Project("{9A19103F-16F7-4668-BE54-9A1E7A4F7556}") = "TableauxDeBord.Application", "TableauxDeBord\TableauxDeBord.Application\TableauxDeBord.Application.csproj", "{95F2D1C1-D80F-44A1-8AA4-A52C958CC8D3}"
EndProject
Project("{9A19103F-16F7-4668-BE54-9A1E7A4F7556}") = "TableauxDeBord.Infrastructure", "TableauxDeBord\TableauxDeBord.Infrastructure\TableauxDeBord.Infrastructure.csproj", "{3E2BD37B-BE71-42A2-883D-ECC856FAE84C}"
EndProject
Project("{9A19103F-16F7-4668-BE54-9A1E7A4F7556}") = "TableauxDeBord.Web", "TableauxDeBord\TableauxDeBord.Web\TableauxDeBord.Web.csproj", "{44EA40F9-8548-4BA1-8859-4D3EDB00DF98}"
EndProject
Project("{9A19103F-16F7-4668-BE54-9A1E7A4F7556}") = "Shared.Infrastructure", "Shared\Shared.Infrastructure\Shared.Infrastructure.csproj", "{70A92341-E977-4417-9A43-5FC4F636648F}"
EndProject
Project("{9A19103F-16F7-4668-BE54-9A1E7A4F7556}") = "Shared.API", "Shared\Shared.API\Shared.API.csproj", "{6644C5CF-1267-4609-B507-FD41D6DD415A}"
EndProject
Project("{FAE04EC0-301F-11D3-BF4B-00C04F79EFBC}") = "BanqueProjet.Tests", "BanqueProjet\BanqueProjet.Tests\BanqueProjet.Tests.csproj", "{E628F266-F9C6-4A68-AA1E-A43F2EEA7B22}"
EndProject
Project("{FAE04EC0-301F-11D3-BF4B-00C04F79EFBC}") = "BanqueProjet.IntegrationTests", "BanqueProjet\BanqueProjet.IntegrationTests\BanqueProjet.IntegrationTests.csproj", "{31DA6BCB-924D-419E-9EA4-3F6C7606701F}"
EndProject
Global
	GlobalSection(SolutionConfigurationPlatforms) = preSolution
		Debug|Any CPU = Debug|Any CPU
		Release|Any CPU = Release|Any CPU
	EndGlobalSection
	GlobalSection(ProjectConfigurationPlatforms) = postSolution
		{6E79FDDE-FD68-4F22-8ED3-E665640B3B7B}.Debug|Any CPU.ActiveCfg = Debug|Any CPU
		{6E79FDDE-FD68-4F22-8ED3-E665640B3B7B}.Debug|Any CPU.Build.0 = Debug|Any CPU
		{6E79FDDE-FD68-4F22-8ED3-E665640B3B7B}.Release|Any CPU.ActiveCfg = Release|Any CPU
		{6E79FDDE-FD68-4F22-8ED3-E665640B3B7B}.Release|Any CPU.Build.0 = Release|Any CPU
		{F9C70DF2-D8AA-4934-B0E2-09746691B56E}.Debug|Any CPU.ActiveCfg = Debug|Any CPU
		{F9C70DF2-D8AA-4934-B0E2-09746691B56E}.Debug|Any CPU.Build.0 = Debug|Any CPU
		{F9C70DF2-D8AA-4934-B0E2-09746691B56E}.Release|Any CPU.ActiveCfg = Release|Any CPU
		{F9C70DF2-D8AA-4934-B0E2-09746691B56E}.Release|Any CPU.Build.0 = Release|Any CPU
		{6455F45E-DBA2-4332-92AD-9558AEC387B3}.Debug|Any CPU.ActiveCfg = Debug|Any CPU
		{6455F45E-DBA2-4332-92AD-9558AEC387B3}.Debug|Any CPU.Build.0 = Debug|Any CPU
		{6455F45E-DBA2-4332-92AD-9558AEC387B3}.Release|Any CPU.ActiveCfg = Release|Any CPU
		{6455F45E-DBA2-4332-92AD-9558AEC387B3}.Release|Any CPU.Build.0 = Release|Any CPU
		{BCD753A8-3AF5-4F19-A827-D14A862F4999}.Debug|Any CPU.ActiveCfg = Debug|Any CPU
		{BCD753A8-3AF5-4F19-A827-D14A862F4999}.Debug|Any CPU.Build.0 = Debug|Any CPU
		{BCD753A8-3AF5-4F19-A827-D14A862F4999}.Release|Any CPU.ActiveCfg = Release|Any CPU
		{BCD753A8-3AF5-4F19-A827-D14A862F4999}.Release|Any CPU.Build.0 = Release|Any CPU
		{2DBA0F62-228D-4D74-859F-5A7039DEBB5B}.Debug|Any CPU.ActiveCfg = Debug|Any CPU
		{2DBA0F62-228D-4D74-859F-5A7039DEBB5B}.Debug|Any CPU.Build.0 = Debug|Any CPU
		{2DBA0F62-228D-4D74-859F-5A7039DEBB5B}.Release|Any CPU.ActiveCfg = Release|Any CPU
		{2DBA0F62-228D-4D74-859F-5A7039DEBB5B}.Release|Any CPU.Build.0 = Release|Any CPU
		{7C6E47F5-477D-4664-BE1F-BC85382D7FD2}.Debug|Any CPU.ActiveCfg = Debug|Any CPU
		{7C6E47F5-477D-4664-BE1F-BC85382D7FD2}.Debug|Any CPU.Build.0 = Debug|Any CPU
		{7C6E47F5-477D-4664-BE1F-BC85382D7FD2}.Release|Any CPU.ActiveCfg = Release|Any CPU
		{7C6E47F5-477D-4664-BE1F-BC85382D7FD2}.Release|Any CPU.Build.0 = Release|Any CPU
		{ADDCFBCA-B5C8-49F7-94E9-4CF8D2C61676}.Debug|Any CPU.ActiveCfg = Debug|Any CPU
		{ADDCFBCA-B5C8-49F7-94E9-4CF8D2C61676}.Debug|Any CPU.Build.0 = Debug|Any CPU
		{ADDCFBCA-B5C8-49F7-94E9-4CF8D2C61676}.Release|Any CPU.ActiveCfg = Release|Any CPU
		{ADDCFBCA-B5C8-49F7-94E9-4CF8D2C61676}.Release|Any CPU.Build.0 = Release|Any CPU
		{36335510-E8F8-4299-A91B-327687DB3056}.Debug|Any CPU.ActiveCfg = Debug|Any CPU
		{36335510-E8F8-4299-A91B-327687DB3056}.Debug|Any CPU.Build.0 = Debug|Any CPU
		{36335510-E8F8-4299-A91B-327687DB3056}.Release|Any CPU.ActiveCfg = Release|Any CPU
		{36335510-E8F8-4299-A91B-327687DB3056}.Release|Any CPU.Build.0 = Release|Any CPU
		{B1885073-5D61-4B04-B4A5-EE8809E4B860}.Debug|Any CPU.ActiveCfg = Debug|Any CPU
		{B1885073-5D61-4B04-B4A5-EE8809E4B860}.Debug|Any CPU.Build.0 = Debug|Any CPU
		{B1885073-5D61-4B04-B4A5-EE8809E4B860}.Release|Any CPU.ActiveCfg = Release|Any CPU
		{B1885073-5D61-4B04-B4A5-EE8809E4B860}.Release|Any CPU.Build.0 = Release|Any CPU
		{F44B670E-9F40-4411-8899-65CDF1171D09}.Debug|Any CPU.ActiveCfg = Debug|Any CPU
		{F44B670E-9F40-4411-8899-65CDF1171D09}.Debug|Any CPU.Build.0 = Debug|Any CPU
		{F44B670E-9F40-4411-8899-65CDF1171D09}.Release|Any CPU.ActiveCfg = Release|Any CPU
		{F44B670E-9F40-4411-8899-65CDF1171D09}.Release|Any CPU.Build.0 = Release|Any CPU
		{180D146B-7E33-4662-89EE-76B3532D4567}.Debug|Any CPU.ActiveCfg = Debug|Any CPU
		{180D146B-7E33-4662-89EE-76B3532D4567}.Debug|Any CPU.Build.0 = Debug|Any CPU
		{180D146B-7E33-4662-89EE-76B3532D4567}.Release|Any CPU.ActiveCfg = Release|Any CPU
		{180D146B-7E33-4662-89EE-76B3532D4567}.Release|Any CPU.Build.0 = Release|Any CPU
		{38DAE4AF-6A27-45D9-8359-D8932FB60C79}.Debug|Any CPU.ActiveCfg = Debug|Any CPU
		{38DAE4AF-6A27-45D9-8359-D8932FB60C79}.Debug|Any CPU.Build.0 = Debug|Any CPU
		{38DAE4AF-6A27-45D9-8359-D8932FB60C79}.Release|Any CPU.ActiveCfg = Release|Any CPU
		{38DAE4AF-6A27-45D9-8359-D8932FB60C79}.Release|Any CPU.Build.0 = Release|Any CPU
		{8AF443C0-F617-4A20-8563-E34FA7AD72CC}.Debug|Any CPU.ActiveCfg = Debug|Any CPU
		{8AF443C0-F617-4A20-8563-E34FA7AD72CC}.Debug|Any CPU.Build.0 = Debug|Any CPU
		{8AF443C0-F617-4A20-8563-E34FA7AD72CC}.Release|Any CPU.ActiveCfg = Release|Any CPU
		{8AF443C0-F617-4A20-8563-E34FA7AD72CC}.Release|Any CPU.Build.0 = Release|Any CPU
		{BB0A67A2-7275-40C3-A510-23929ED812B2}.Debug|Any CPU.ActiveCfg = Debug|Any CPU
		{BB0A67A2-7275-40C3-A510-23929ED812B2}.Debug|Any CPU.Build.0 = Debug|Any CPU
		{BB0A67A2-7275-40C3-A510-23929ED812B2}.Release|Any CPU.ActiveCfg = Release|Any CPU
		{BB0A67A2-7275-40C3-A510-23929ED812B2}.Release|Any CPU.Build.0 = Release|Any CPU
		{0F65A30C-9C81-4239-9799-A2B690189346}.Debug|Any CPU.ActiveCfg = Debug|Any CPU
		{0F65A30C-9C81-4239-9799-A2B690189346}.Debug|Any CPU.Build.0 = Debug|Any CPU
		{0F65A30C-9C81-4239-9799-A2B690189346}.Release|Any CPU.ActiveCfg = Release|Any CPU
		{0F65A30C-9C81-4239-9799-A2B690189346}.Release|Any CPU.Build.0 = Release|Any CPU
		{95F2D1C1-D80F-44A1-8AA4-A52C958CC8D3}.Debug|Any CPU.ActiveCfg = Debug|Any CPU
		{95F2D1C1-D80F-44A1-8AA4-A52C958CC8D3}.Debug|Any CPU.Build.0 = Debug|Any CPU
		{95F2D1C1-D80F-44A1-8AA4-A52C958CC8D3}.Release|Any CPU.ActiveCfg = Release|Any CPU
		{95F2D1C1-D80F-44A1-8AA4-A52C958CC8D3}.Release|Any CPU.Build.0 = Release|Any CPU
		{3E2BD37B-BE71-42A2-883D-ECC856FAE84C}.Debug|Any CPU.ActiveCfg = Debug|Any CPU
		{3E2BD37B-BE71-42A2-883D-ECC856FAE84C}.Debug|Any CPU.Build.0 = Debug|Any CPU
		{3E2BD37B-BE71-42A2-883D-ECC856FAE84C}.Release|Any CPU.ActiveCfg = Release|Any CPU
		{3E2BD37B-BE71-42A2-883D-ECC856FAE84C}.Release|Any CPU.Build.0 = Release|Any CPU
		{44EA40F9-8548-4BA1-8859-4D3EDB00DF98}.Debug|Any CPU.ActiveCfg = Debug|Any CPU
		{44EA40F9-8548-4BA1-8859-4D3EDB00DF98}.Debug|Any CPU.Build.0 = Debug|Any CPU
		{44EA40F9-8548-4BA1-8859-4D3EDB00DF98}.Release|Any CPU.ActiveCfg = Release|Any CPU
		{44EA40F9-8548-4BA1-8859-4D3EDB00DF98}.Release|Any CPU.Build.0 = Release|Any CPU
		{70A92341-E977-4417-9A43-5FC4F636648F}.Debug|Any CPU.ActiveCfg = Debug|Any CPU
		{70A92341-E977-4417-9A43-5FC4F636648F}.Debug|Any CPU.Build.0 = Debug|Any CPU
		{70A92341-E977-4417-9A43-5FC4F636648F}.Release|Any CPU.ActiveCfg = Release|Any CPU
		{70A92341-E977-4417-9A43-5FC4F636648F}.Release|Any CPU.Build.0 = Release|Any CPU
		{6644C5CF-1267-4609-B507-FD41D6DD415A}.Debug|Any CPU.ActiveCfg = Debug|Any CPU
		{6644C5CF-1267-4609-B507-FD41D6DD415A}.Debug|Any CPU.Build.0 = Debug|Any CPU
		{6644C5CF-1267-4609-B507-FD41D6DD415A}.Release|Any CPU.ActiveCfg = Release|Any CPU
		{6644C5CF-1267-4609-B507-FD41D6DD415A}.Release|Any CPU.Build.0 = Release|Any CPU
		{E628F266-F9C6-4A68-AA1E-A43F2EEA7B22}.Debug|Any CPU.ActiveCfg = Debug|Any CPU
		{E628F266-F9C6-4A68-AA1E-A43F2EEA7B22}.Debug|Any CPU.Build.0 = Debug|Any CPU
		{E628F266-F9C6-4A68-AA1E-A43F2EEA7B22}.Release|Any CPU.ActiveCfg = Release|Any CPU
		{E628F266-F9C6-4A68-AA1E-A43F2EEA7B22}.Release|Any CPU.Build.0 = Release|Any CPU
		{31DA6BCB-924D-419E-9EA4-3F6C7606701F}.Debug|Any CPU.ActiveCfg = Debug|Any CPU
		{31DA6BCB-924D-419E-9EA4-3F6C7606701F}.Debug|Any CPU.Build.0 = Debug|Any CPU
		{31DA6BCB-924D-419E-9EA4-3F6C7606701F}.Release|Any CPU.ActiveCfg = Release|Any CPU
		{31DA6BCB-924D-419E-9EA4-3F6C7606701F}.Release|Any CPU.Build.0 = Release|Any CPU
	EndGlobalSection
	GlobalSection(SolutionProperties) = preSolution
		HideSolutionNode = FALSE
	EndGlobalSection
	GlobalSection(NestedProjects) = preSolution
		{6E79FDDE-FD68-4F22-8ED3-E665640B3B7B} = {F1766441-C4CC-4920-89B1-CA019C097EEA}
		{F9C70DF2-D8AA-4934-B0E2-09746691B56E} = {F1766441-C4CC-4920-89B1-CA019C097EEA}
		{6455F45E-DBA2-4332-92AD-9558AEC387B3} = {F1766441-C4CC-4920-89B1-CA019C097EEA}
		{BCD753A8-3AF5-4F19-A827-D14A862F4999} = {F1766441-C4CC-4920-89B1-CA019C097EEA}
		{2DBA0F62-228D-4D74-859F-5A7039DEBB5B} = {E3F3164F-2B12-4220-9CFE-0453DD58C742}
		{7C6E47F5-477D-4664-BE1F-BC85382D7FD2} = {E3F3164F-2B12-4220-9CFE-0453DD58C742}
		{ADDCFBCA-B5C8-49F7-94E9-4CF8D2C61676} = {E3F3164F-2B12-4220-9CFE-0453DD58C742}
		{36335510-E8F8-4299-A91B-327687DB3056} = {E3F3164F-2B12-4220-9CFE-0453DD58C742}
		{B1885073-5D61-4B04-B4A5-EE8809E4B860} = {C92D52F3-F48E-4481-9BB8-4D0734E671AF}
		{25CB6DB7-70EF-41F3-99C0-C135FA643F83} = {0D49B3F1-8266-41B0-A2AA-C592E8D4D9E9}
		{F44B670E-9F40-4411-8899-65CDF1171D09} = {25CB6DB7-70EF-41F3-99C0-C135FA643F83}
		{180D146B-7E33-4662-89EE-76B3532D4567} = {B96C1C7A-1A87-4BF8-9D57-99DDB15DEE6F}
		{38DAE4AF-6A27-45D9-8359-D8932FB60C79} = {B96C1C7A-1A87-4BF8-9D57-99DDB15DEE6F}
		{8AF443C0-F617-4A20-8563-E34FA7AD72CC} = {B96C1C7A-1A87-4BF8-9D57-99DDB15DEE6F}
		{BB0A67A2-7275-40C3-A510-23929ED812B2} = {B96C1C7A-1A87-4BF8-9D57-99DDB15DEE6F}
		{0F65A30C-9C81-4239-9799-A2B690189346} = {1465C571-3EE2-4E7F-AD7C-41417CB25B12}
		{95F2D1C1-D80F-44A1-8AA4-A52C958CC8D3} = {1465C571-3EE2-4E7F-AD7C-41417CB25B12}
		{3E2BD37B-BE71-42A2-883D-ECC856FAE84C} = {1465C571-3EE2-4E7F-AD7C-41417CB25B12}
		{44EA40F9-8548-4BA1-8859-4D3EDB00DF98} = {1465C571-3EE2-4E7F-AD7C-41417CB25B12}
		{70A92341-E977-4417-9A43-5FC4F636648F} = {C92D52F3-F48E-4481-9BB8-4D0734E671AF}
		{6644C5CF-1267-4609-B507-FD41D6DD415A} = {C92D52F3-F48E-4481-9BB8-4D0734E671AF}
		{E628F266-F9C6-4A68-AA1E-A43F2EEA7B22} = {F1766441-C4CC-4920-89B1-CA019C097EEA}
		{31DA6BCB-924D-419E-9EA4-3F6C7606701F} = {F1766441-C4CC-4920-89B1-CA019C097EEA}
	EndGlobalSection
	GlobalSection(ExtensibilityGlobals) = postSolution
		SolutionGuid = {BBACC8A4-E9DC-4E2A-8D93-90EE71C2EA71}
	EndGlobalSection
EndGlobal
